{
  "name": "Quorum",
  "lockfileVersion": 3,
  "requires": true,
  "packages": {
    "": {
      "dependencies": {
        "@tauri-apps/plugin-store": "^2.4.3"
      }
    },
    "node_modules/@tauri-apps/api": {
      "version": "2.11.0",
      "resolved": "https://registry.npmjs.org/@tauri-apps/api/-/api-2.11.0.tgz",
      "integrity": "sha512-7CinYODhky9lmO23xHnUFv0Xt43fbtWMyxZcLcRBlFkcgXKuEirBvHpmtJ89YMhyeGcq20Wuc47Fa4XjyniywA==",
      "funding": {
        "type": "opencollective",
        "url": "https://opencollective.com/tauri"
      }
    },
    "node_modules/@tauri-apps/plugin-store": {
      "version": "2.4.3",
      "resolved": "https://registry.npmjs.org/@tauri-apps/plugin-store/-/plugin-store-2.4.3.tgz",
      "integrity": "sha512-9LWPj9yMphRi9czEtUv87XHbl1b6xgd9EXpPrUnq6nG7+nbtoF84d4Kwz9xhAv/Hf30sr58pq7EOlyI936y8qw==",
      "dependencies": {
        "@tauri-apps/api": "^2.11.0"
      }
    }
  }
}
